
Microsoft Visual Studio Solution File, Format Version 12.00
# Visual Studio Version 16
VisualStudioVersion = 16.0.30413.136
MinimumVisualStudioVersion = 10.0.40219.1
Project("{FAE04EC0-301F-11D3-BF4B-00C04F79EFBC}") = "CamCap", "CamCap\CamCap.csproj", "{69B82F9A-41E7-489A-B14F-CCA5A4A5DF85}"
EndProject
Global
	GlobalSection(SolutionConfigurationPlatforms) = preSolution
		Debug|Any CPU = Debug|Any CPU
		Release|Any CPU = Release|Any CPU
	EndGlobalSection
	GlobalSection(ProjectConfigurationPlatforms) = postSolution
		{69B82F9A-41E7-489A-B14F-CCA5A4A5DF85}.Debug|Any CPU.ActiveCfg = Debug|Any CPU
		{69B82F9A-41E7-489A-B14F-CCA5A4A5DF85}.Debug|Any CPU.Build.0 = Debug|Any CPU
		{69B82F9A-41E7-489A-B14F-CCA5A4A5DF85}.Release|Any CPU.ActiveCfg = Release|Any CPU
		{69B82F9A-41E7-489A-B14F-CCA5A4A5DF85}.Release|Any CPU.Build.0 = Release|Any CPU
	EndGlobalSection
	GlobalSection(SolutionProperties) = preSolution
		HideSolutionNode = FALSE
	EndGlobalSection
	GlobalSection(ExtensibilityGlobals) = postSolution
		SolutionGuid = {B31ACF37-7F3B-4889-BF15-B4973EAFA56A}
	EndGlobalSection
EndGlobal
